
Microsoft Visual Studio Solution File, Format Version 11.00
# Visual Studio 2010
Project("{FAE04EC0-301F-11D3-BF4B-00C04F79EFBC}") = "AspLifeCycle", "AspLifeCycle\AspLifeCycle.csproj", "{F89C89C2-165E-40A6-BDB4-D5864DC8E644}"
EndProject
Project("{FAE04EC0-301F-11D3-BF4B-00C04F79EFBC}") = "AspLifeCycle.Tests", "AspLifeCycle.Tests\AspLifeCycle.Tests.csproj", "{B8F0D6AB-7FF2-4F5E-9EE8-E8445AAEEE6B}"
EndProject
Global
	GlobalSection(SolutionConfigurationPlatforms) = preSolution
		Debug|Any CPU = Debug|Any CPU
		Release|Any CPU = Release|Any CPU
	EndGlobalSection
	GlobalSection(ProjectConfigurationPlatforms) = postSolution
		{F89C89C2-165E-40A6-BDB4-D5864DC8E644}.Debug|Any CPU.ActiveCfg = Debug|Any CPU
		{F89C89C2-165E-40A6-BDB4-D5864DC8E644}.Debug|Any CPU.Build.0 = Debug|Any CPU
		{F89C89C2-165E-40A6-BDB4-D5864DC8E644}.Release|Any CPU.ActiveCfg = Release|Any CPU
		{F89C89C2-165E-40A6-BDB4-D5864DC8E644}.Release|Any CPU.Build.0 = Release|Any CPU
		{B8F0D6AB-7FF2-4F5E-9EE8-E8445AAEEE6B}.Debug|Any CPU.ActiveCfg = Debug|Any CPU
		{B8F0D6AB-7FF2-4F5E-9EE8-E8445AAEEE6B}.Debug|Any CPU.Build.0 = Debug|Any CPU
		{B8F0D6AB-7FF2-4F5E-9EE8-E8445AAEEE6B}.Release|Any CPU.ActiveCfg = Release|Any CPU
		{B8F0D6AB-7FF2-4F5E-9EE8-E8445AAEEE6B}.Release|Any CPU.Build.0 = Release|Any CPU
	EndGlobalSection
	GlobalSection(SolutionProperties) = preSolution
		HideSolutionNode = FALSE
	EndGlobalSection
EndGlobal
