
Microsoft Visual Studio Solution File, Format Version 11.00
# Visual Studio 2010
Project("{FAE04EC0-301F-11D3-BF4B-00C04F79EFBC}") = "Mvc4ContactForm", "Mvc4ContactForm\Mvc4ContactForm.csproj", "{6CE851BA-45F0-4B50-95C5-494E7B9DBB93}"
EndProject
Project("{FAE04EC0-301F-11D3-BF4B-00C04F79EFBC}") = "Mvc4ContactForm.Tests", "Mvc4ContactForm.Tests\Mvc4ContactForm.Tests.csproj", "{5BC687BE-3605-4318-BA35-2F71401A4427}"
EndProject
Global
	GlobalSection(SolutionConfigurationPlatforms) = preSolution
		Debug|Any CPU = Debug|Any CPU
		Release|Any CPU = Release|Any CPU
	EndGlobalSection
	GlobalSection(ProjectConfigurationPlatforms) = postSolution
		{6CE851BA-45F0-4B50-95C5-494E7B9DBB93}.Debug|Any CPU.ActiveCfg = Debug|Any CPU
		{6CE851BA-45F0-4B50-95C5-494E7B9DBB93}.Debug|Any CPU.Build.0 = Debug|Any CPU
		{6CE851BA-45F0-4B50-95C5-494E7B9DBB93}.Release|Any CPU.ActiveCfg = Release|Any CPU
		{6CE851BA-45F0-4B50-95C5-494E7B9DBB93}.Release|Any CPU.Build.0 = Release|Any CPU
		{5BC687BE-3605-4318-BA35-2F71401A4427}.Debug|Any CPU.ActiveCfg = Debug|Any CPU
		{5BC687BE-3605-4318-BA35-2F71401A4427}.Debug|Any CPU.Build.0 = Debug|Any CPU
		{5BC687BE-3605-4318-BA35-2F71401A4427}.Release|Any CPU.ActiveCfg = Release|Any CPU
		{5BC687BE-3605-4318-BA35-2F71401A4427}.Release|Any CPU.Build.0 = Release|Any CPU
	EndGlobalSection
	GlobalSection(SolutionProperties) = preSolution
		HideSolutionNode = FALSE
	EndGlobalSection
EndGlobal
